# THIS IS AN AUTOGENERATED FILE. DO NOT EDIT THIS FILE DIRECTLY.
# yarn lockfile v1


"common@file:../common":
  version "1.0.0"
  resolved "file:../common"
  dependencies:
    "@aws-sdk/credential-providers" "^3.357.0"
    dotenv-defaults "^5.0.2"
    non-maybe "^1.0.1"
    short-hash "^1.0.0"
    sql-template-tag "3.3.0"
